{
  "lockfile_version": "1",
  "packages": {
    "github:NixOS/nixpkgs/nixpkgs-unstable": {
      "last_modified": "2026-05-15T18:21:44Z",
      "resolved": "github:NixOS/nixpkgs/d233902339c02a9c334e7e593de68855ad26c4cb?lastModified=1778869304&narHash=sha256-30sZNZoA1cqF5JNO9fVX%2BwgiQYjB7HJqqJ4ztCDeBZE%3D"
    },
    "opentofu@latest": {
      "last_modified": "2026-05-29T05:01:12Z",
      "resolved": "github:NixOS/nixpkgs/e9a7635a57597d9754eccebdfc7045e6c8600e6b#opentofu",
      "source": "devbox-search",
      "version": "1.12.1",
      "systems": {
        "aarch64-darwin": {
          "outputs": [
            {
              "name": "out",
              "path": "/nix/store/pdmkqjqml48g720dqcsf6r243m9hfpis-opentofu-1.12.1",
              "default": true
            }
          ],
          "store_path": "/nix/store/pdmkqjqml48g720dqcsf6r243m9hfpis-opentofu-1.12.1"
        },
        "aarch64-linux": {
          "outputs": [
            {
              "name": "out",
              "path": "/nix/store/wsc97vvjw9vxzh9l6n62akjpgkjx0yj3-opentofu-1.12.1",
              "default": true
            }
          ],
          "store_path": "/nix/store/wsc97vvjw9vxzh9l6n62akjpgkjx0yj3-opentofu-1.12.1"
        },
        "x86_64-darwin": {
          "outputs": [
            {
              "name": "out",
              "path": "/nix/store/vy10n911r2bq2jpyarfd7krb3h94rigc-opentofu-1.12.1",
              "default": true
            }
          ],
          "store_path": "/nix/store/vy10n911r2bq2jpyarfd7krb3h94rigc-opentofu-1.12.1"
        },
        "x86_64-linux": {
          "outputs": [
            {
              "name": "out",
              "path": "/nix/store/yp4yp9jvs8lhymvxpm2z0nk91fb2sy61-opentofu-1.12.1",
              "default": true
            }
          ],
          "store_path": "/nix/store/yp4yp9jvs8lhymvxpm2z0nk91fb2sy61-opentofu-1.12.1"
        }
      }
    },
    "pre-commit@latest": {
      "last_modified": "2026-05-21T08:15:18Z",
      "resolved": "github:NixOS/nixpkgs/4a29d733e8a7d5b824c3d8c958a946a9867b3eb2#pre-commit",
      "source": "devbox-search",
      "version": "4.5.1",
      "systems": {
        "aarch64-darwin": {
          "outputs": [
            {
              "name": "out",
              "path": "/nix/store/z3cca68620w0w10f090szgzdnmh1waf2-pre-commit-4.5.1",
              "default": true
            },
            {
              "name": "dist",
              "path": "/nix/store/qiycli9jv32a6ypxsspzhbraz24sh6ac-pre-commit-4.5.1-dist"
            }
          ],
          "store_path": "/nix/store/z3cca68620w0w10f090szgzdnmh1waf2-pre-commit-4.5.1"
        },
        "aarch64-linux": {
          "outputs": [
            {
              "name": "out",
              "path": "/nix/store/n981w6hjfar2l81kxbxs2wxl64vwa5kj-pre-commit-4.5.1",
              "default": true
            },
            {
              "name": "dist",
              "path": "/nix/store/k32gq33snjdfvxkhny1sj3q066x4z635-pre-commit-4.5.1-dist"
            }
          ],
          "store_path": "/nix/store/n981w6hjfar2l81kxbxs2wxl64vwa5kj-pre-commit-4.5.1"
        },
        "x86_64-darwin": {
          "outputs": [
            {
              "name": "out",
              "path": "/nix/store/irvx9bawyw89bbvblzvh90nnqy94j936-pre-commit-4.5.1",
              "default": true
            },
            {
              "name": "dist",
              "path": "/nix/store/02d24cai743fm1bkk7sa9xmp10kg40zz-pre-commit-4.5.1-dist"
            }
          ],
          "store_path": "/nix/store/irvx9bawyw89bbvblzvh90nnqy94j936-pre-commit-4.5.1"
        },
        "x86_64-linux": {
          "outputs": [
            {
              "name": "out",
              "path": "/nix/store/bj6i9vl34cij5h0r165y40hrjqak0bmz-pre-commit-4.5.1",
              "default": true
            },
            {
              "name": "dist",
              "path": "/nix/store/rxmwc33chn2j6cnprdhmim788bhxwdv9-pre-commit-4.5.1-dist"
            }
          ],
          "store_path": "/nix/store/bj6i9vl34cij5h0r165y40hrjqak0bmz-pre-commit-4.5.1"
        }
      }
    },
    "terraform-docs@0.21.0": {
      "last_modified": "2026-04-16T08:46:55Z",
      "resolved": "github:NixOS/nixpkgs/b86751bc4085f48661017fa226dee99fab6c651b#terraform-docs",
      "source": "devbox-search",
      "version": "0.21.0",
      "systems": {
        "aarch64-darwin": {
          "outputs": [
            {
              "name": "out",
              "path": "/nix/store/xi9bl8rnkfj0aa1hs3x8x6khf29a9s01-terraform-docs-0.21.0",
              "default": true
            }
          ],
          "store_path": "/nix/store/xi9bl8rnkfj0aa1hs3x8x6khf29a9s01-terraform-docs-0.21.0"
        },
        "aarch64-linux": {
          "outputs": [
            {
              "name": "out",
              "path": "/nix/store/4wxlmhicsgvs26wpw38phk1pw5dmd3kn-terraform-docs-0.21.0",
              "default": true
            }
          ],
          "store_path": "/nix/store/4wxlmhicsgvs26wpw38phk1pw5dmd3kn-terraform-docs-0.21.0"
        },
        "x86_64-darwin": {
          "outputs": [
            {
              "name": "out",
              "path": "/nix/store/jbl0vyx1jq266l6km2glx29pj5pmn40a-terraform-docs-0.21.0",
              "default": true
            }
          ],
          "store_path": "/nix/store/jbl0vyx1jq266l6km2glx29pj5pmn40a-terraform-docs-0.21.0"
        },
        "x86_64-linux": {
          "outputs": [
            {
              "name": "out",
              "path": "/nix/store/yrn4g4sdag0vbxdd1m2prpbfj537s755-terraform-docs-0.21.0",
              "default": true
            }
          ],
          "store_path": "/nix/store/yrn4g4sdag0vbxdd1m2prpbfj537s755-terraform-docs-0.21.0"
        }
      }
    },
    "yq-go@latest": {
      "last_modified": "2026-05-21T08:15:18Z",
      "resolved": "github:NixOS/nixpkgs/4a29d733e8a7d5b824c3d8c958a946a9867b3eb2#yq-go",
      "source": "devbox-search",
      "version": "4.53.2",
      "systems": {
        "aarch64-darwin": {
          "outputs": [
            {
              "name": "out",
              "path": "/nix/store/6fgh5bnsfx5abbdvr1ncd6r11yrm5cw2-yq-go-4.53.2",
              "default": true
            }
          ],
          "store_path": "/nix/store/6fgh5bnsfx5abbdvr1ncd6r11yrm5cw2-yq-go-4.53.2"
        },
        "aarch64-linux": {
          "outputs": [
            {
              "name": "out",
              "path": "/nix/store/3hsajqhhm8m9nx306jh09m1qz4idwmxk-yq-go-4.53.2",
              "default": true
            }
          ],
          "store_path": "/nix/store/3hsajqhhm8m9nx306jh09m1qz4idwmxk-yq-go-4.53.2"
        },
        "x86_64-darwin": {
          "outputs": [
            {
              "name": "out",
              "path": "/nix/store/nyb7m5nd3qpx4y50sd8l86796hglwrfg-yq-go-4.53.2",
              "default": true
            }
          ],
          "store_path": "/nix/store/nyb7m5nd3qpx4y50sd8l86796hglwrfg-yq-go-4.53.2"
        },
        "x86_64-linux": {
          "outputs": [
            {
              "name": "out",
              "path": "/nix/store/pibhm258wp416plqdaxym4z6lis8ksla-yq-go-4.53.2",
              "default": true
            }
          ],
          "store_path": "/nix/store/pibhm258wp416plqdaxym4z6lis8ksla-yq-go-4.53.2"
        }
      }
    }
  }
}
